[[package]]
name = "core"
source = "path+from-root-6A8836696D55BC6E"

[[package]]
name = "core"
source = "path+from-root-77BE31D0FE6A1BE6"

[[package]]
name = "koby_staking_contract"
source = "member"
dependencies = [
    "standards",
    "std git+https://github.com/FuelLabs/sway?tag=v0.66.5#94a066652468b4afa3bd396dacef482ed590976b",
]

[[package]]
name = "standards"
source = "git+https://github.com/FuelLabs/sway-standards?tag=v0.6.2#ba788b2389d0adad0167cf3bfa559da00502f984"
dependencies = ["std git+https://github.com/fuellabs/sway?tag=v0.66.5#94a066652468b4afa3bd396dacef482ed590976b"]

[[package]]
name = "std"
source = "git+https://github.com/FuelLabs/sway?tag=v0.66.5#94a066652468b4afa3bd396dacef482ed590976b"
dependencies = ["core path+from-root-77BE31D0FE6A1BE6"]

[[package]]
name = "std"
source = "git+https://github.com/fuellabs/sway?tag=v0.66.5#94a066652468b4afa3bd396dacef482ed590976b"
dependencies = ["core path+from-root-6A8836696D55BC6E"]
